
Microsoft Visual Studio Solution File, Format Version 12.00
# Visual Studio 15
VisualStudioVersion = 15.0.28307.779
MinimumVisualStudioVersion = 10.0.40219.1
Project("{9A19103F-16F7-4668-BE54-9A1E7A4F7556}") = "DiscordBot.xUnit.Tests", "DiscordBot.xUnit.Tests.csproj", "{ADDD01A6-2504-4E69-AF15-3FDC95428B76}"
EndProject
Global
	GlobalSection(SolutionConfigurationPlatforms) = preSolution
		Debug|Any CPU = Debug|Any CPU
		Release|Any CPU = Release|Any CPU
	EndGlobalSection
	GlobalSection(ProjectConfigurationPlatforms) = postSolution
		{ADDD01A6-2504-4E69-AF15-3FDC95428B76}.Debug|Any CPU.ActiveCfg = Debug|Any CPU
		{ADDD01A6-2504-4E69-AF15-3FDC95428B76}.Debug|Any CPU.Build.0 = Debug|Any CPU
		{ADDD01A6-2504-4E69-AF15-3FDC95428B76}.Release|Any CPU.ActiveCfg = Release|Any CPU
		{ADDD01A6-2504-4E69-AF15-3FDC95428B76}.Release|Any CPU.Build.0 = Release|Any CPU
	EndGlobalSection
	GlobalSection(SolutionProperties) = preSolution
		HideSolutionNode = FALSE
	EndGlobalSection
	GlobalSection(ExtensibilityGlobals) = postSolution
		SolutionGuid = {A9FD8846-BAF0-4F3D-99A4-C85725512CD3}
	EndGlobalSection
EndGlobal
